
Microsoft Visual Studio Solution File, Format Version 12.00
# Visual Studio Version 16
VisualStudioVersion = 16.0.32413.511
MinimumVisualStudioVersion = 10.0.40219.1
Project("{FAE04EC0-301F-11D3-BF4B-00C04F79EFBC}") = "Sporitelna", "Sporitelna\Sporitelna.csproj", "{9E4EBC28-2124-4A4E-87DA-21FA0F746BA3}"
EndProject
Global
	GlobalSection(SolutionConfigurationPlatforms) = preSolution
		Debug|Any CPU = Debug|Any CPU
		Release|Any CPU = Release|Any CPU
	EndGlobalSection
	GlobalSection(ProjectConfigurationPlatforms) = postSolution
		{9E4EBC28-2124-4A4E-87DA-21FA0F746BA3}.Debug|Any CPU.ActiveCfg = Debug|Any CPU
		{9E4EBC28-2124-4A4E-87DA-21FA0F746BA3}.Debug|Any CPU.Build.0 = Debug|Any CPU
		{9E4EBC28-2124-4A4E-87DA-21FA0F746BA3}.Release|Any CPU.ActiveCfg = Release|Any CPU
		{9E4EBC28-2124-4A4E-87DA-21FA0F746BA3}.Release|Any CPU.Build.0 = Release|Any CPU
	EndGlobalSection
	GlobalSection(SolutionProperties) = preSolution
		HideSolutionNode = FALSE
	EndGlobalSection
	GlobalSection(ExtensibilityGlobals) = postSolution
		SolutionGuid = {172D0FB9-8D34-4687-B0CA-3D5EBAD37FE2}
	EndGlobalSection
EndGlobal
